// !$*UTF8*$!
{
	archiveVersion = 1;
	classes = {
	};
	objectVersion = 50;
	objects = {

/* Begin PBXBuildFile section */
		556D1CE620BBA9FA0070537C /* AppDelegate.swift in Sources */ = {isa = PBXBuildFile; fileRef = 556D1CE520BBA9FA0070537C /* AppDelegate.swift */; };
		556D1CE820BBA9FA0070537C /* ViewController.swift in Sources */ = {isa = PBXBuildFile; fileRef = 556D1CE720BBA9FA0070537C /* ViewController.swift */; };
		556D1CEB20BBA9FA0070537C /* Main.storyboard in Resources */ = {isa = PBXBuildFile; fileRef = 556D1CE920BBA9FA0070537C /* Main.storyboard */; };
		556D1CED20BBA9FC0070537C /* Assets.xcassets in Resources */ = {isa = PBXBuildFile; fileRef = 556D1CEC20BBA9FC0070537C /* Assets.xcassets */; };
		556D1CF020BBA9FC0070537C /* LaunchScreen.storyboard in Resources */ = {isa = PBXBuildFile; fileRef = 556D1CEE20BBA9FC0070537C /* LaunchScreen.storyboard */; };
		556D1CFB20BBA9FC0070537C /* MobileNetAppUITests.swift in Sources */ = {isa = PBXBuildFile; fileRef = 556D1CFA20BBA9FC0070537C /* MobileNetAppUITests.swift */; };
		556D1D0820BBABCC0070537C /* VideoCapture.swift in Sources */ = {isa = PBXBuildFile; fileRef = 556D1D0720BBABCC0070537C /* VideoCapture.swift */; };
		556D1D0C20BBF0A30070537C /* MobileNet.mlmodel in Sources */ = {isa = PBXBuildFile; fileRef = 556D1D0B20BBF0A30070537C /* MobileNet.mlmodel */; };
/* End PBXBuildFile section */

/* Begin PBXContainerItemProxy section */
		556D1CF720BBA9FC0070537C /* PBXContainerItemProxy */ = {
			isa = PBXContainerItemProxy;
			containerPortal = 556D1CDA20BBA9FA0070537C /* Project object */;
			proxyType = 1;
			remoteGlobalIDString = 556D1CE120BBA9FA0070537C;
			remoteInfo = MobileNetApp;
		};
/* End PBXContainerItemProxy section */

/* Begin PBXFileReference section */
		556D1CE220BBA9FA0070537C /* MobileNetApp.app */ = {isa = PBXFileReference; explicitFileType = wrapper.application; includeInIndex = 0; path = MobileNetApp.app; sourceTree = BUILT_PRODUCTS_DIR; };
		556D1CE520BBA9FA0070537C /* AppDelegate.swift */ = {isa = PBXFileReference; lastKnownFileType = sourcecode.swift; path = AppDelegate.swift; sourceTree = "<group>"; };
		556D1CE720BBA9FA0070537C /* ViewController.swift */ = {isa = PBXFileReference; lastKnownFileType = sourcecode.swift; path = ViewController.swift; sourceTree = "<group>"; };
		556D1CEA20BBA9FA0070537C /* Base */ = {isa = PBXFileReference; lastKnownFileType = file.storyboard; name = Base; path = Base.lproj/Main.storyboard; sourceTree = "<group>"; };
		556D1CEC20BBA9FC0070537C /* Assets.xcassets */ = {isa = PBXFileReference; lastKnownFileType = folder.assetcatalog; path = Assets.xcassets; sourceTree = "<group>"; };
		556D1CEF20BBA9FC0070537C /* Base */ = {isa = PBXFileReference; lastKnownFileType = file.storyboard; name = Base; path = Base.lproj/LaunchScreen.storyboard; sourceTree = "<group>"; };
		556D1CF120BBA9FC0070537C /* Info.plist */ = {isa = PBXFileReference; lastKnownFileType = text.plist.xml; path = Info.plist; sourceTree = "<group>"; };
		556D1CF620BBA9FC0070537C /* MobileNetAppUITests.xctest */ = {isa = PBXFileReference; explicitFileType = wrapper.cfbundle; includeInIndex = 0; path = MobileNetAppUITests.xctest; sourceTree = BUILT_PRODUCTS_DIR; };
		556D1CFA20BBA9FC0070537C /* MobileNetAppUITests.swift */ = {isa = PBXFileReference; lastKnownFileType = sourcecode.swift; path = MobileNetAppUITests.swift; sourceTree = "<group>"; };
		556D1CFC20BBA9FC0070537C /* Info.plist */ = {isa = PBXFileReference; lastKnownFileType = text.plist.xml; path = Info.plist; sourceTree = "<group>"; };
		556D1D0720BBABCC0070537C /* VideoCapture.swift */ = {isa = PBXFileReference; lastKnownFileType = sourcecode.swift; path = VideoCapture.swift; sourceTree = "<group>"; };
		556D1D0B20BBF0A30070537C /* MobileNet.mlmodel */ = {isa = PBXFileReference; lastKnownFileType = file.mlmodel; name = MobileNet.mlmodel; path = "../../../../models/coreml-official/MobileNet.mlmodel"; sourceTree = "<group>"; };
/* End PBXFileReference section */

/* Begin PBXFrameworksBuildPhase section */
		556D1CDF20BBA9FA0070537C /* Frameworks */ = {
			isa = PBXFrameworksBuildPhase;
			buildActionMask = 2147483647;
			files = (
			);
			runOnlyForDeploymentPostprocessing = 0;
		};
		556D1CF320BBA9FC0070537C /* Frameworks */ = {
			isa = PBXFrameworksBuildPhase;
			buildActionMask = 2147483647;
			files = (
			);
			runOnlyForDeploymentPostprocessing = 0;
		};
/* End PBXFrameworksBuildPhase section */

/* Begin PBXGroup section */
		556D1CD920BBA9FA0070537C = {
			isa = PBXGroup;
			children = (
				556D1CE420BBA9FA0070537C /* MobileNetApp */,
				556D1CF920BBA9FC0070537C /* MobileNetAppUITests */,
				556D1CE320BBA9FA0070537C /* Products */,
			);
			sourceTree = "<group>";
		};
		556D1CE320BBA9FA0070537C /* Products */ = {
			isa = PBXGroup;
			children = (
				556D1CE220BBA9FA0070537C /* MobileNetApp.app */,
				556D1CF620BBA9FC0070537C /* MobileNetAppUITests.xctest */,
			);
			name = Products;
			sourceTree = "<group>";
		};
		556D1CE420BBA9FA0070537C /* MobileNetApp */ = {
			isa = PBXGroup;
			children = (
				556D1D0B20BBF0A30070537C /* MobileNet.mlmodel */,
				556D1CE520BBA9FA0070537C /* AppDelegate.swift */,
				556D1CE720BBA9FA0070537C /* ViewController.swift */,
				556D1D0720BBABCC0070537C /* VideoCapture.swift */,
				556D1CE920BBA9FA0070537C /* Main.storyboard */,
				556D1CEC20BBA9FC0070537C /* Assets.xcassets */,
				556D1CEE20BBA9FC0070537C /* LaunchScreen.storyboard */,
				556D1CF120BBA9FC0070537C /* Info.plist */,
			);
			path = MobileNetApp;
			sourceTree = "<group>";
		};
		556D1CF920BBA9FC0070537C /* MobileNetAppUITests */ = {
			isa = PBXGroup;
			children = (
				556D1CFA20BBA9FC0070537C /* MobileNetAppUITests.swift */,
				556D1CFC20BBA9FC0070537C /* Info.plist */,
			);
			path = MobileNetAppUITests;
			sourceTree = "<group>";
		};
/* End PBXGroup section */

/* Begin PBXNativeTarget section */
		556D1CE120BBA9FA0070537C /* MobileNetApp */ = {
			isa = PBXNativeTarget;
			buildConfigurationList = 556D1CFF20BBA9FC0070537C /* Build configuration list for PBXNativeTarget "MobileNetApp" */;
			buildPhases = (
				556D1CDE20BBA9FA0070537C /* Sources */,
				556D1CDF20BBA9FA0070537C /* Frameworks */,
				556D1CE020BBA9FA0070537C /* Resources */,
			);
			buildRules = (
			);
			dependencies = (
			);
			name = MobileNetApp;
			productName = MobileNetApp;
			productReference = 556D1CE220BBA9FA0070537C /* MobileNetApp.app */;
			productType = "com.apple.product-type.application";
		};
		556D1CF520BBA9FC0070537C /* MobileNetAppUITests */ = {
			isa = PBXNativeTarget;
			buildConfigurationList = 556D1D0220BBA9FC0070537C /* Build configuration list for PBXNativeTarget "MobileNetAppUITests" */;
			buildPhases = (
				556D1CF220BBA9FC0070537C /* Sources */,
				556D1CF320BBA9FC0070537C /* Frameworks */,
				556D1CF420BBA9FC0070537C /* Resources */,
			);
			buildRules = (
			);
			dependencies = (
				556D1CF820BBA9FC0070537C /* PBXTargetDependency */,
			);
			name = MobileNetAppUITests;
			productName = MobileNetAppUITests;
			productReference = 556D1CF620BBA9FC0070537C /* MobileNetAppUITests.xctest */;
			productType = "com.apple.product-type.bundle.ui-testing";
		};
/* End PBXNativeTarget section */

/* Begin PBXProject section */
		556D1CDA20BBA9FA0070537C /* Project object */ = {
			isa = PBXProject;
			attributes = {
				LastSwiftUpdateCheck = 0930;
				LastUpgradeCheck = 0930;
				ORGANIZATIONNAME = GwakDoyoung;
				TargetAttributes = {
					556D1CE120BBA9FA0070537C = {
						CreatedOnToolsVersion = 9.3.1;
					};
					556D1CF520BBA9FC0070537C = {
						CreatedOnToolsVersion = 9.3.1;
						TestTargetID = 556D1CE120BBA9FA0070537C;
					};
				};
			};
			buildConfigurationList = 556D1CDD20BBA9FA0070537C /* Build configuration list for PBXProject "MobileNetApp" */;
			compatibilityVersion = "Xcode 9.3";
			developmentRegion = en;
			hasScannedForEncodings = 0;
			knownRegions = (
				en,
				Base,
			);
			mainGroup = 556D1CD920BBA9FA0070537C;
			productRefGroup = 556D1CE320BBA9FA0070537C /* Products */;
			projectDirPath = "";
			projectRoot = "";
			targets = (
				556D1CE120BBA9FA0070537C /* MobileNetApp */,
				556D1CF520BBA9FC0070537C /* MobileNetAppUITests */,
			);
		};
/* End PBXProject section */

/* Begin PBXResourcesBuildPhase section */
		556D1CE020BBA9FA0070537C /* Resources */ = {
			isa = PBXResourcesBuildPhase;
			buildActionMask = 2147483647;
			files = (
				556D1CF020BBA9FC0070537C /* LaunchScreen.storyboard in Resources */,
				556D1CED20BBA9FC0070537C /* Assets.xcassets in Resources */,
				556D1CEB20BBA9FA0070537C /* Main.storyboard in Resources */,
			);
			runOnlyForDeploymentPostprocessing = 0;
		};
		556D1CF420BBA9FC0070537C /* Resources */ = {
			isa = PBXResourcesBuildPhase;
			buildActionMask = 2147483647;
			files = (
			);
			runOnlyForDeploymentPostprocessing = 0;
		};
/* End PBXResourcesBuildPhase section */

/* Begin PBXSourcesBuildPhase section */
		556D1CDE20BBA9FA0070537C /* Sources */ = {
			isa = PBXSourcesBuildPhase;
			buildActionMask = 2147483647;
			files = (
				556D1D0820BBABCC0070537C /* VideoCapture.swift in Sources */,
				556D1D0C20BBF0A30070537C /* MobileNet.mlmodel in Sources */,
				556D1CE820BBA9FA0070537C /* ViewController.swift in Sources */,
				556D1CE620BBA9FA0070537C /* AppDelegate.swift in Sources */,
			);
			runOnlyForDeploymentPostprocessing = 0;
		};
		556D1CF220BBA9FC0070537C /* Sources */ = {
			isa = PBXSourcesBuildPhase;
			buildActionMask = 2147483647;
			files = (
				556D1CFB20BBA9FC0070537C /* MobileNetAppUITests.swift in Sources */,
			);
			runOnlyForDeploymentPostprocessing = 0;
		};
/* End PBXSourcesBuildPhase section */

/* Begin PBXTargetDependency section */
		556D1CF820BBA9FC0070537C /* PBXTargetDependency */ = {
			isa = PBXTargetDependency;
			target = 556D1CE120BBA9FA0070537C /* MobileNetApp */;
			targetProxy = 556D1CF720BBA9FC0070537C /* PBXContainerItemProxy */;
		};
/* End PBXTargetDependency section */

/* Begin PBXVariantGroup section */
		556D1CE920BBA9FA0070537C /* Main.storyboard */ = {
			isa = PBXVariantGroup;
			children = (
				556D1CEA20BBA9FA0070537C /* Base */,
			);
			name = Main.storyboard;
			sourceTree = "<group>";
		};
		556D1CEE20BBA9FC0070537C /* LaunchScreen.storyboard */ = {
			isa = PBXVariantGroup;
			children = (
				556D1CEF20BBA9FC0070537C /* Base */,
			);
			name = LaunchScreen.storyboard;
			sourceTree = "<group>";
		};
/* End PBXVariantGroup section */

/* Begin XCBuildConfiguration section */
		556D1CFD20BBA9FC0070537C /* Debug */ = {
			isa = XCBuildConfiguration;
			buildSettings = {
				ALWAYS_SEARCH_USER_PATHS = NO;
				CLANG_ANALYZER_NONNULL = YES;
				CLANG_ANALYZER_NUMBER_OBJECT_CONVERSION = YES_AGGRESSIVE;
				CLANG_CXX_LANGUAGE_STANDARD = "gnu++14";
				CLANG_CXX_LIBRARY = "libc++";
				CLANG_ENABLE_MODULES = YES;
				CLANG_ENABLE_OBJC_ARC = YES;
				CLANG_ENABLE_OBJC_WEAK = YES;
				CLANG_WARN_BLOCK_CAPTURE_AUTORELEASING = YES;
				CLANG_WARN_BOOL_CONVERSION = YES;
				CLANG_WARN_COMMA = YES;
				CLANG_WARN_CONSTANT_CONVERSION = YES;
				CLANG_WARN_DEPRECATED_OBJC_IMPLEMENTATIONS = YES;
				CLANG_WARN_DIRECT_OBJC_ISA_USAGE = YES_ERROR;
				CLANG_WARN_DOCUMENTATION_COMMENTS = YES;
				CLANG_WARN_EMPTY_BODY = YES;
				CLANG_WARN_ENUM_CONVERSION = YES;
				CLANG_WARN_INFINITE_RECURSION = YES;
				CLANG_WARN_INT_CONVERSION = YES;
				CLANG_WARN_NON_LITERAL_NULL_CONVERSION = YES;
				CLANG_WARN_OBJC_IMPLICIT_RETAIN_SELF = YES;
				CLANG_WARN_OBJC_LITERAL_CONVERSION = YES;
				CLANG_WARN_OBJC_ROOT_CLASS = YES_ERROR;
				CLANG_WARN_RANGE_LOOP_ANALYSIS = YES;
				CLANG_WARN_STRICT_PROTOTYPES = YES;
				CLANG_WARN_SUSPICIOUS_MOVE = YES;
				CLANG_WARN_UNGUARDED_AVAILABILITY = YES_AGGRESSIVE;
				CLANG_WARN_UNREACHABLE_CODE = YES;
				CLANG_WARN__DUPLICATE_METHOD_MATCH = YES;
				CODE_SIGN_IDENTITY = "iPhone Developer";
				COPY_PHASE_STRIP = NO;
				DEBUG_INFORMATION_FORMAT = dwarf;
				ENABLE_STRICT_OBJC_MSGSEND = YES;
				ENABLE_TESTABILITY = YES;
				GCC_C_LANGUAGE_STANDARD = gnu11;
				GCC_DYNAMIC_NO_PIC = NO;
				GCC_NO_COMMON_BLOCKS = YES;
				GCC_OPTIMIZATION_LEVEL = 0;
				GCC_PREPROCESSOR_DEFINITIONS = (
					"DEBUG=1",
					"$(inherited)",
				);
				GCC_WARN_64_TO_32_BIT_CONVERSION = YES;
				GCC_WARN_ABOUT_RETURN_TYPE = YES_ERROR;
				GCC_WARN_UNDECLARED_SELECTOR = YES;
				GCC_WARN_UNINITIALIZED_AUTOS = YES_AGGRESSIVE;
				GCC_WARN_UNUSED_FUNCTION = YES;
				GCC_WARN_UNUSED_VARIABLE = YES;
				IPHONEOS_DEPLOYMENT_TARGET = 11.3;
				MTL_ENABLE_DEBUG_INFO = YES;
				ONLY_ACTIVE_ARCH = YES;
				SDKROOT = iphoneos;
				SWIFT_ACTIVE_COMPILATION_CONDITIONS = DEBUG;
				SWIFT_OPTIMIZATION_LEVEL = "-Onone";
			};
			name = Debug;
		};
		556D1CFE20BBA9FC0070537C /* Release */ = {
			isa = XCBuildConfiguration;
			buildSettings = {
				ALWAYS_SEARCH_USER_PATHS = NO;
				CLANG_ANALYZER_NONNULL = YES;
				CLANG_ANALYZER_NUMBER_OBJECT_CONVERSION = YES_AGGRESSIVE;
				CLANG_CXX_LANGUAGE_STANDARD = "gnu++14";
				CLANG_CXX_LIBRARY = "libc++";
				CLANG_ENABLE_MODULES = YES;
				CLANG_ENABLE_OBJC_ARC = YES;
				CLANG_ENABLE_OBJC_WEAK = YES;
				CLANG_WARN_BLOCK_CAPTURE_AUTORELEASING = YES;
				CLANG_WARN_BOOL_CONVERSION = YES;
				CLANG_WARN_COMMA = YES;
				CLANG_WARN_CONSTANT_CONVERSION = YES;
				CLANG_WARN_DEPRECATED_OBJC_IMPLEMENTATIONS = YES;
				CLANG_WARN_DIRECT_OBJC_ISA_USAGE = YES_ERROR;
				CLANG_WARN_DOCUMENTATION_COMMENTS = YES;
				CLANG_WARN_EMPTY_BODY = YES;
				CLANG_WARN_ENUM_CONVERSION = YES;
				CLANG_WARN_INFINITE_RECURSION = YES;
				CLANG_WARN_INT_CONVERSION = YES;
				CLANG_WARN_NON_LITERAL_NULL_CONVERSION = YES;
				CLANG_WARN_OBJC_IMPLICIT_RETAIN_SELF = YES;
				CLANG_WARN_OBJC_LITERAL_CONVERSION = YES;
				CLANG_WARN_OBJC_ROOT_CLASS = YES_ERROR;
				CLANG_WARN_RANGE_LOOP_ANALYSIS = YES;
				CLANG_WARN_STRICT_PROTOTYPES = YES;
				CLANG_WARN_SUSPICIOUS_MOVE = YES;
				CLANG_WARN_UNGUARDED_AVAILABILITY = YES_AGGRESSIVE;
				CLANG_WARN_UNREACHABLE_CODE = YES;
				CLANG_WARN__DUPLICATE_METHOD_MATCH = YES;
				CODE_SIGN_IDENTITY = "iPhone Developer";
				COPY_PHASE_STRIP = NO;
				DEBUG_INFORMATION_FORMAT = "dwarf-with-dsym";
				ENABLE_NS_ASSERTIONS = NO;
				ENABLE_STRICT_OBJC_MSGSEND = YES;
				GCC_C_LANGUAGE_STANDARD = gnu11;
				GCC_NO_COMMON_BLOCKS = YES;
				GCC_WARN_64_TO_32_BIT_CONVERSION = YES;
				GCC_WARN_ABOUT_RETURN_TYPE = YES_ERROR;
				GCC_WARN_UNDECLARED_SELECTOR = YES;
				GCC_WARN_UNINITIALIZED_AUTOS = YES_AGGRESSIVE;
				GCC_WARN_UNUSED_FUNCTION = YES;
				GCC_WARN_UNUSED_VARIABLE = YES;
				IPHONEOS_DEPLOYMENT_TARGET = 11.3;
				MTL_ENABLE_DEBUG_INFO = NO;
				SDKROOT = iphoneos;
				SWIFT_COMPILATION_MODE = wholemodule;
				SWIFT_OPTIMIZATION_LEVEL = "-O";
				VALIDATE_PRODUCT = YES;
			};
			name = Release;
		};
		556D1D0020BBA9FC0070537C /* Debug */ = {
			isa = XCBuildConfiguration;
			buildSettings = {
				ASSETCATALOG_COMPILER_APPICON_NAME = AppIcon;
				CODE_SIGN_STYLE = Automatic;
				DEVELOPMENT_TEAM = 5WXJ4Z4H69;
				INFOPLIST_FILE = MobileNetApp/Info.plist;
				LD_RUNPATH_SEARCH_PATHS = (
					"$(inherited)",
					"@executable_path/Frameworks",
				);
				PRODUCT_BUNDLE_IDENTIFIER = com.canapio.MobileNetApp;
				PRODUCT_NAME = "$(TARGET_NAME)";
				SWIFT_VERSION = 4.0;
				TARGETED_DEVICE_FAMILY = "1,2";
			};
			name = Debug;
		};
		556D1D0120BBA9FC0070537C /* Release */ = {
			isa = XCBuildConfiguration;
			buildSettings = {
				ASSETCATALOG_COMPILER_APPICON_NAME = AppIcon;
				CODE_SIGN_STYLE = Automatic;
				DEVELOPMENT_TEAM = 5WXJ4Z4H69;
				INFOPLIST_FILE = MobileNetApp/Info.plist;
				LD_RUNPATH_SEARCH_PATHS = (
					"$(inherited)",
					"@executable_path/Frameworks",
				);
				PRODUCT_BUNDLE_IDENTIFIER = com.canapio.MobileNetApp;
				PRODUCT_NAME = "$(TARGET_NAME)";
				SWIFT_VERSION = 4.0;
				TARGETED_DEVICE_FAMILY = "1,2";
			};
			name = Release;
		};
		556D1D0320BBA9FC0070537C /* Debug */ = {
			isa = XCBuildConfiguration;
			buildSettings = {
				ALWAYS_EMBED_SWIFT_STANDARD_LIBRARIES = YES;
				CODE_SIGN_STYLE = Automatic;
				DEVELOPMENT_TEAM = 5WXJ4Z4H69;
				INFOPLIST_FILE = MobileNetAppUITests/Info.plist;
				LD_RUNPATH_SEARCH_PATHS = (
					"$(inherited)",
					"@executable_path/Frameworks",
					"@loader_path/Frameworks",
				);
				PRODUCT_BUNDLE_IDENTIFIER = com.canapio.MobileNetAppUITests;
				PRODUCT_NAME = "$(TARGET_NAME)";
				SWIFT_VERSION = 4.0;
				TARGETED_DEVICE_FAMILY = "1,2";
				TEST_TARGET_NAME = MobileNetApp;
			};
			name = Debug;
		};
		556D1D0420BBA9FC0070537C /* Release */ = {
			isa = XCBuildConfiguration;
			buildSettings = {
				ALWAYS_EMBED_SWIFT_STANDARD_LIBRARIES = YES;
				CODE_SIGN_STYLE = Automatic;
				DEVELOPMENT_TEAM = 5WXJ4Z4H69;
				INFOPLIST_FILE = MobileNetAppUITests/Info.plist;
				LD_RUNPATH_SEARCH_PATHS = (
					"$(inherited)",
					"@executable_path/Frameworks",
					"@loader_path/Frameworks",
				);
				PRODUCT_BUNDLE_IDENTIFIER = com.canapio.MobileNetAppUITests;
				PRODUCT_NAME = "$(TARGET_NAME)";
				SWIFT_VERSION = 4.0;
				TARGETED_DEVICE_FAMILY = "1,2";
				TEST_TARGET_NAME = MobileNetApp;
			};
			name = Release;
		};
/* End XCBuildConfiguration section */

/* Begin XCConfigurationList section */
		556D1CDD20BBA9FA0070537C /* Build configuration list for PBXProject "MobileNetApp" */ = {
			isa = XCConfigurationList;
			buildConfigurations = (
				556D1CFD20BBA9FC0070537C /* Debug */,
				556D1CFE20BBA9FC0070537C /* Release */,
			);
			defaultConfigurationIsVisible = 0;
			defaultConfigurationName = Release;
		};
		556D1CFF20BBA9FC0070537C /* Build configuration list for PBXNativeTarget "MobileNetApp" */ = {
			isa = XCConfigurationList;
			buildConfigurations = (
				556D1D0020BBA9FC0070537C /* Debug */,
				556D1D0120BBA9FC0070537C /* Release */,
			);
			defaultConfigurationIsVisible = 0;
			defaultConfigurationName = Release;
		};
		556D1D0220BBA9FC0070537C /* Build configuration list for PBXNativeTarget "MobileNetAppUITests" */ = {
			isa = XCConfigurationList;
			buildConfigurations = (
				556D1D0320BBA9FC0070537C /* Debug */,
				556D1D0420BBA9FC0070537C /* Release */,
			);
			defaultConfigurationIsVisible = 0;
			defaultConfigurationName = Release;
		};
/* End XCConfigurationList section */
	};
	rootObject = 556D1CDA20BBA9FA0070537C /* Project object */;
}
